// !$*UTF8*$!
{
	archiveVersion = 1;
	classes = {
	};
	objectVersion = 56;
	objects = {

/* Begin PBXBuildFile section */
		DB9088992C6565ED000BA391 /* AppDelegate.swift in Sources */ = {isa = PBXBuildFile; fileRef = DB9088982C6565ED000BA391 /* AppDelegate.swift */; };
		DB90889B2C6565ED000BA391 /* SceneDelegate.swift in Sources */ = {isa = PBXBuildFile; fileRef = DB90889A2C6565ED000BA391 /* SceneDelegate.swift */; };
		DB90889D2C6565ED000BA391 /* ViewController.swift in Sources */ = {isa = PBXBuildFile; fileRef = DB90889C2C6565ED000BA391 /* ViewController.swift */; };
		DB9088A02C6565ED000BA391 /* Base in Resources */ = {isa = PBXBuildFile; fileRef = DB90889F2C6565ED000BA391 /* Base */; };
		DB9088A22C6565EE000BA391 /* Assets.xcassets in Resources */ = {isa = PBXBuildFile; fileRef = DB9088A12C6565EE000BA391 /* Assets.xcassets */; };
		DB9088A52C6565EE000BA391 /* Base in Resources */ = {isa = PBXBuildFile; fileRef = DB9088A42C6565EE000BA391 /* Base */; };
		DB9088B02C6565EF000BA391 /* I_Am_PoorTests.swift in Sources */ = {isa = PBXBuildFile; fileRef = DB9088AF2C6565EF000BA391 /* I_Am_PoorTests.swift */; };
		DB9088BA2C6565EF000BA391 /* I_Am_PoorUITests.swift in Sources */ = {isa = PBXBuildFile; fileRef = DB9088B92C6565EF000BA391 /* I_Am_PoorUITests.swift */; };
		DB9088BC2C6565EF000BA391 /* I_Am_PoorUITestsLaunchTests.swift in Sources */ = {isa = PBXBuildFile; fileRef = DB9088BB2C6565EF000BA391 /* I_Am_PoorUITestsLaunchTests.swift */; };
/* End PBXBuildFile section */

/* Begin PBXContainerItemProxy section */
		DB9088AC2C6565EF000BA391 /* PBXContainerItemProxy */ = {
			isa = PBXContainerItemProxy;
			containerPortal = DB90888D2C6565ED000BA391 /* Project object */;
			proxyType = 1;
			remoteGlobalIDString = DB9088942C6565ED000BA391;
			remoteInfo = "I Am Poor";
		};
		DB9088B62C6565EF000BA391 /* PBXContainerItemProxy */ = {
			isa = PBXContainerItemProxy;
			containerPortal = DB90888D2C6565ED000BA391 /* Project object */;
			proxyType = 1;
			remoteGlobalIDString = DB9088942C6565ED000BA391;
			remoteInfo = "I Am Poor";
		};
/* End PBXContainerItemProxy section */

/* Begin PBXFileReference section */
		DB9088952C6565ED000BA391 /* I Am Poor.app */ = {isa = PBXFileReference; explicitFileType = wrapper.application; includeInIndex = 0; path = "I Am Poor.app"; sourceTree = BUILT_PRODUCTS_DIR; };
		DB9088982C6565ED000BA391 /* AppDelegate.swift */ = {isa = PBXFileReference; lastKnownFileType = sourcecode.swift; path = AppDelegate.swift; sourceTree = "<group>"; };
		DB90889A2C6565ED000BA391 /* SceneDelegate.swift */ = {isa = PBXFileReference; lastKnownFileType = sourcecode.swift; path = SceneDelegate.swift; sourceTree = "<group>"; };
		DB90889C2C6565ED000BA391 /* ViewController.swift */ = {isa = PBXFileReference; lastKnownFileType = sourcecode.swift; path = ViewController.swift; sourceTree = "<group>"; };
		DB90889F2C6565ED000BA391 /* Base */ = {isa = PBXFileReference; lastKnownFileType = file.storyboard; name = Base; path = Base.lproj/Main.storyboard; sourceTree = "<group>"; };
		DB9088A12C6565EE000BA391 /* Assets.xcassets */ = {isa = PBXFileReference; lastKnownFileType = folder.assetcatalog; path = Assets.xcassets; sourceTree = "<group>"; };
		DB9088A42C6565EE000BA391 /* Base */ = {isa = PBXFileReference; lastKnownFileType = file.storyboard; name = Base; path = Base.lproj/LaunchScreen.storyboard; sourceTree = "<group>"; };
		DB9088A62C6565EE000BA391 /* Info.plist */ = {isa = PBXFileReference; lastKnownFileType = text.plist.xml; path = Info.plist; sourceTree = "<group>"; };
		DB9088AB2C6565EF000BA391 /* I Am PoorTests.xctest */ = {isa = PBXFileReference; explicitFileType = wrapper.cfbundle; includeInIndex = 0; path = "I Am PoorTests.xctest"; sourceTree = BUILT_PRODUCTS_DIR; };
		DB9088AF2C6565EF000BA391 /* I_Am_PoorTests.swift */ = {isa = PBXFileReference; lastKnownFileType = sourcecode.swift; path = I_Am_PoorTests.swift; sourceTree = "<group>"; };
		DB9088B52C6565EF000BA391 /* I Am PoorUITests.xctest */ = {isa = PBXFileReference; explicitFileType = wrapper.cfbundle; includeInIndex = 0; path = "I Am PoorUITests.xctest"; sourceTree = BUILT_PRODUCTS_DIR; };
		DB9088B92C6565EF000BA391 /* I_Am_PoorUITests.swift */ = {isa = PBXFileReference; lastKnownFileType = sourcecode.swift; path = I_Am_PoorUITests.swift; sourceTree = "<group>"; };
		DB9088BB2C6565EF000BA391 /* I_Am_PoorUITestsLaunchTests.swift */ = {isa = PBXFileReference; lastKnownFileType = sourcecode.swift; path = I_Am_PoorUITestsLaunchTests.swift; sourceTree = "<group>"; };
/* End PBXFileReference section */

/* Begin PBXFrameworksBuildPhase section */
		DB9088922C6565ED000BA391 /* Frameworks */ = {
			isa = PBXFrameworksBuildPhase;
			buildActionMask = 2147483647;
			files = (
			);
			runOnlyForDeploymentPostprocessing = 0;
		};
		DB9088A82C6565EF000BA391 /* Frameworks */ = {
			isa = PBXFrameworksBuildPhase;
			buildActionMask = 2147483647;
			files = (
			);
			runOnlyForDeploymentPostprocessing = 0;
		};
		DB9088B22C6565EF000BA391 /* Frameworks */ = {
			isa = PBXFrameworksBuildPhase;
			buildActionMask = 2147483647;
			files = (
			);
			runOnlyForDeploymentPostprocessing = 0;
		};
/* End PBXFrameworksBuildPhase section */

/* Begin PBXGroup section */
		DB90888C2C6565ED000BA391 = {
			isa = PBXGroup;
			children = (
				DB9088972C6565ED000BA391 /* I Am Poor */,
				DB9088AE2C6565EF000BA391 /* I Am PoorTests */,
				DB9088B82C6565EF000BA391 /* I Am PoorUITests */,
				DB9088962C6565ED000BA391 /* Products */,
			);
			sourceTree = "<group>";
		};
		DB9088962C6565ED000BA391 /* Products */ = {
			isa = PBXGroup;
			children = (
				DB9088952C6565ED000BA391 /* I Am Poor.app */,
				DB9088AB2C6565EF000BA391 /* I Am PoorTests.xctest */,
				DB9088B52C6565EF000BA391 /* I Am PoorUITests.xctest */,
			);
			name = Products;
			sourceTree = "<group>";
		};
		DB9088972C6565ED000BA391 /* I Am Poor */ = {
			isa = PBXGroup;
			children = (
				DB9088982C6565ED000BA391 /* AppDelegate.swift */,
				DB90889A2C6565ED000BA391 /* SceneDelegate.swift */,
				DB90889C2C6565ED000BA391 /* ViewController.swift */,
				DB90889E2C6565ED000BA391 /* Main.storyboard */,
				DB9088A12C6565EE000BA391 /* Assets.xcassets */,
				DB9088A32C6565EE000BA391 /* LaunchScreen.storyboard */,
				DB9088A62C6565EE000BA391 /* Info.plist */,
			);
			path = "I Am Poor";
			sourceTree = "<group>";
		};
		DB9088AE2C6565EF000BA391 /* I Am PoorTests */ = {
			isa = PBXGroup;
			children = (
				DB9088AF2C6565EF000BA391 /* I_Am_PoorTests.swift */,
			);
			path = "I Am PoorTests";
			sourceTree = "<group>";
		};
		DB9088B82C6565EF000BA391 /* I Am PoorUITests */ = {
			isa = PBXGroup;
			children = (
				DB9088B92C6565EF000BA391 /* I_Am_PoorUITests.swift */,
				DB9088BB2C6565EF000BA391 /* I_Am_PoorUITestsLaunchTests.swift */,
			);
			path = "I Am PoorUITests";
			sourceTree = "<group>";
		};
/* End PBXGroup section */

/* Begin PBXNativeTarget section */
		DB9088942C6565ED000BA391 /* I Am Poor */ = {
			isa = PBXNativeTarget;
			buildConfigurationList = DB9088BF2C6565EF000BA391 /* Build configuration list for PBXNativeTarget "I Am Poor" */;
			buildPhases = (
				DB9088912C6565ED000BA391 /* Sources */,
				DB9088922C6565ED000BA391 /* Frameworks */,
				DB9088932C6565ED000BA391 /* Resources */,
			);
			buildRules = (
			);
			dependencies = (
			);
			name = "I Am Poor";
			productName = "I Am Poor";
			productReference = DB9088952C6565ED000BA391 /* I Am Poor.app */;
			productType = "com.apple.product-type.application";
		};
		DB9088AA2C6565EF000BA391 /* I Am PoorTests */ = {
			isa = PBXNativeTarget;
			buildConfigurationList = DB9088C22C6565EF000BA391 /* Build configuration list for PBXNativeTarget "I Am PoorTests" */;
			buildPhases = (
				DB9088A72C6565EF000BA391 /* Sources */,
				DB9088A82C6565EF000BA391 /* Frameworks */,
				DB9088A92C6565EF000BA391 /* Resources */,
			);
			buildRules = (
			);
			dependencies = (
				DB9088AD2C6565EF000BA391 /* PBXTargetDependency */,
			);
			name = "I Am PoorTests";
			productName = "I Am PoorTests";
			productReference = DB9088AB2C6565EF000BA391 /* I Am PoorTests.xctest */;
			productType = "com.apple.product-type.bundle.unit-test";
		};
		DB9088B42C6565EF000BA391 /* I Am PoorUITests */ = {
			isa = PBXNativeTarget;
			buildConfigurationList = DB9088C52C6565EF000BA391 /* Build configuration list for PBXNativeTarget "I Am PoorUITests" */;
			buildPhases = (
				DB9088B12C6565EF000BA391 /* Sources */,
				DB9088B22C6565EF000BA391 /* Frameworks */,
				DB9088B32C6565EF000BA391 /* Resources */,
			);
			buildRules = (
			);
			dependencies = (
				DB9088B72C6565EF000BA391 /* PBXTargetDependency */,
			);
			name = "I Am PoorUITests";
			productName = "I Am PoorUITests";
			productReference = DB9088B52C6565EF000BA391 /* I Am PoorUITests.xctest */;
			productType = "com.apple.product-type.bundle.ui-testing";
		};
/* End PBXNativeTarget section */

/* Begin PBXProject section */
		DB90888D2C6565ED000BA391 /* Project object */ = {
			isa = PBXProject;
			attributes = {
				BuildIndependentTargetsInParallel = 1;
				LastSwiftUpdateCheck = 1540;
				LastUpgradeCheck = 1540;
				TargetAttributes = {
					DB9088942C6565ED000BA391 = {
						CreatedOnToolsVersion = 15.4;
					};
					DB9088AA2C6565EF000BA391 = {
						CreatedOnToolsVersion = 15.4;
						TestTargetID = DB9088942C6565ED000BA391;
					};
					DB9088B42C6565EF000BA391 = {
						CreatedOnToolsVersion = 15.4;
						TestTargetID = DB9088942C6565ED000BA391;
					};
				};
			};
			buildConfigurationList = DB9088902C6565ED000BA391 /* Build configuration list for PBXProject "I Am Poor" */;
			compatibilityVersion = "Xcode 14.0";
			developmentRegion = en;
			hasScannedForEncodings = 0;
			knownRegions = (
				en,
				Base,
			);
			mainGroup = DB90888C2C6565ED000BA391;
			productRefGroup = DB9088962C6565ED000BA391 /* Products */;
			projectDirPath = "";
			projectRoot = "";
			targets = (
				DB9088942C6565ED000BA391 /* I Am Poor */,
				DB9088AA2C6565EF000BA391 /* I Am PoorTests */,
				DB9088B42C6565EF000BA391 /* I Am PoorUITests */,
			);
		};
/* End PBXProject section */

/* Begin PBXResourcesBuildPhase section */
		DB9088932C6565ED000BA391 /* Resources */ = {
			isa = PBXResourcesBuildPhase;
			buildActionMask = 2147483647;
			files = (
				DB9088A22C6565EE000BA391 /* Assets.xcassets in Resources */,
				DB9088A52C6565EE000BA391 /* Base in Resources */,
				DB9088A02C6565ED000BA391 /* Base in Resources */,
			);
			runOnlyForDeploymentPostprocessing = 0;
		};
		DB9088A92C6565EF000BA391 /* Resources */ = {
			isa = PBXResourcesBuildPhase;
			buildActionMask = 2147483647;
			files = (
			);
			runOnlyForDeploymentPostprocessing = 0;
		};
		DB9088B32C6565EF000BA391 /* Resources */ = {
			isa = PBXResourcesBuildPhase;
			buildActionMask = 2147483647;
			files = (
			);
			runOnlyForDeploymentPostprocessing = 0;
		};
/* End PBXResourcesBuildPhase section */

/* Begin PBXSourcesBuildPhase section */
		DB9088912C6565ED000BA391 /* Sources */ = {
			isa = PBXSourcesBuildPhase;
			buildActionMask = 2147483647;
			files = (
				DB90889D2C6565ED000BA391 /* ViewController.swift in Sources */,
				DB9088992C6565ED000BA391 /* AppDelegate.swift in Sources */,
				DB90889B2C6565ED000BA391 /* SceneDelegate.swift in Sources */,
			);
			runOnlyForDeploymentPostprocessing = 0;
		};
		DB9088A72C6565EF000BA391 /* Sources */ = {
			isa = PBXSourcesBuildPhase;
			buildActionMask = 2147483647;
			files = (
				DB9088B02C6565EF000BA391 /* I_Am_PoorTests.swift in Sources */,
			);
			runOnlyForDeploymentPostprocessing = 0;
		};
		DB9088B12C6565EF000BA391 /* Sources */ = {
			isa = PBXSourcesBuildPhase;
			buildActionMask = 2147483647;
			files = (
				DB9088BC2C6565EF000BA391 /* I_Am_PoorUITestsLaunchTests.swift in Sources */,
				DB9088BA2C6565EF000BA391 /* I_Am_PoorUITests.swift in Sources */,
			);
			runOnlyForDeploymentPostprocessing = 0;
		};
/* End PBXSourcesBuildPhase section */

/* Begin PBXTargetDependency section */
		DB9088AD2C6565EF000BA391 /* PBXTargetDependency */ = {
			isa = PBXTargetDependency;
			target = DB9088942C6565ED000BA391 /* I Am Poor */;
			targetProxy = DB9088AC2C6565EF000BA391 /* PBXContainerItemProxy */;
		};
		DB9088B72C6565EF000BA391 /* PBXTargetDependency */ = {
			isa = PBXTargetDependency;
			target = DB9088942C6565ED000BA391 /* I Am Poor */;
			targetProxy = DB9088B62C6565EF000BA391 /* PBXContainerItemProxy */;
		};
/* End PBXTargetDependency section */

/* Begin PBXVariantGroup section */
		DB90889E2C6565ED000BA391 /* Main.storyboard */ = {
			isa = PBXVariantGroup;
			children = (
				DB90889F2C6565ED000BA391 /* Base */,
			);
			name = Main.storyboard;
			sourceTree = "<group>";
		};
		DB9088A32C6565EE000BA391 /* LaunchScreen.storyboard */ = {
			isa = PBXVariantGroup;
			children = (
				DB9088A42C6565EE000BA391 /* Base */,
			);
			name = LaunchScreen.storyboard;
			sourceTree = "<group>";
		};
/* End PBXVariantGroup section */

/* Begin XCBuildConfiguration section */
		DB9088BD2C6565EF000BA391 /* Debug */ = {
			isa = XCBuildConfiguration;
			buildSettings = {
				ALWAYS_SEARCH_USER_PATHS = NO;
				ASSETCATALOG_COMPILER_GENERATE_SWIFT_ASSET_SYMBOL_EXTENSIONS = YES;
				CLANG_ANALYZER_NONNULL = YES;
				CLANG_ANALYZER_NUMBER_OBJECT_CONVERSION = YES_AGGRESSIVE;
				CLANG_CXX_LANGUAGE_STANDARD = "gnu++20";
				CLANG_ENABLE_MODULES = YES;
				CLANG_ENABLE_OBJC_ARC = YES;
				CLANG_ENABLE_OBJC_WEAK = YES;
				CLANG_WARN_BLOCK_CAPTURE_AUTORELEASING = YES;
				CLANG_WARN_BOOL_CONVERSION = YES;
				CLANG_WARN_COMMA = YES;
				CLANG_WARN_CONSTANT_CONVERSION = YES;
				CLANG_WARN_DEPRECATED_OBJC_IMPLEMENTATIONS = YES;
				CLANG_WARN_DIRECT_OBJC_ISA_USAGE = YES_ERROR;
				CLANG_WARN_DOCUMENTATION_COMMENTS = YES;
				CLANG_WARN_EMPTY_BODY = YES;
				CLANG_WARN_ENUM_CONVERSION = YES;
				CLANG_WARN_INFINITE_RECURSION = YES;
				CLANG_WARN_INT_CONVERSION = YES;
				CLANG_WARN_NON_LITERAL_NULL_CONVERSION = YES;
				CLANG_WARN_OBJC_IMPLICIT_RETAIN_SELF = YES;
				CLANG_WARN_OBJC_LITERAL_CONVERSION = YES;
				CLANG_WARN_OBJC_ROOT_CLASS = YES_ERROR;
				CLANG_WARN_QUOTED_INCLUDE_IN_FRAMEWORK_HEADER = YES;
				CLANG_WARN_RANGE_LOOP_ANALYSIS = YES;
				CLANG_WARN_STRICT_PROTOTYPES = YES;
				CLANG_WARN_SUSPICIOUS_MOVE = YES;
				CLANG_WARN_UNGUARDED_AVAILABILITY = YES_AGGRESSIVE;
				CLANG_WARN_UNREACHABLE_CODE = YES;
				CLANG_WARN__DUPLICATE_METHOD_MATCH = YES;
				COPY_PHASE_STRIP = NO;
				DEBUG_INFORMATION_FORMAT = dwarf;
				ENABLE_STRICT_OBJC_MSGSEND = YES;
				ENABLE_TESTABILITY = YES;
				ENABLE_USER_SCRIPT_SANDBOXING = YES;
				GCC_C_LANGUAGE_STANDARD = gnu17;
				GCC_DYNAMIC_NO_PIC = NO;
				GCC_NO_COMMON_BLOCKS = YES;
				GCC_OPTIMIZATION_LEVEL = 0;
				GCC_PREPROCESSOR_DEFINITIONS = (
					"DEBUG=1",
					"$(inherited)",
				);
				GCC_WARN_64_TO_32_BIT_CONVERSION = YES;
				GCC_WARN_ABOUT_RETURN_TYPE = YES_ERROR;
				GCC_WARN_UNDECLARED_SELECTOR = YES;
				GCC_WARN_UNINITIALIZED_AUTOS = YES_AGGRESSIVE;
				GCC_WARN_UNUSED_FUNCTION = YES;
				GCC_WARN_UNUSED_VARIABLE = YES;
				IPHONEOS_DEPLOYMENT_TARGET = 17.5;
				LOCALIZATION_PREFERS_STRING_CATALOGS = YES;
				MTL_ENABLE_DEBUG_INFO = INCLUDE_SOURCE;
				MTL_FAST_MATH = YES;
				ONLY_ACTIVE_ARCH = YES;
				SDKROOT = iphoneos;
				SWIFT_ACTIVE_COMPILATION_CONDITIONS = "DEBUG $(inherited)";
				SWIFT_OPTIMIZATION_LEVEL = "-Onone";
			};
			name = Debug;
		};
		DB9088BE2C6565EF000BA391 /* Release */ = {
			isa = XCBuildConfiguration;
			buildSettings = {
				ALWAYS_SEARCH_USER_PATHS = NO;
				ASSETCATALOG_COMPILER_GENERATE_SWIFT_ASSET_SYMBOL_EXTENSIONS = YES;
				CLANG_ANALYZER_NONNULL = YES;
				CLANG_ANALYZER_NUMBER_OBJECT_CONVERSION = YES_AGGRESSIVE;
				CLANG_CXX_LANGUAGE_STANDARD = "gnu++20";
				CLANG_ENABLE_MODULES = YES;
				CLANG_ENABLE_OBJC_ARC = YES;
				CLANG_ENABLE_OBJC_WEAK = YES;
				CLANG_WARN_BLOCK_CAPTURE_AUTORELEASING = YES;
				CLANG_WARN_BOOL_CONVERSION = YES;
				CLANG_WARN_COMMA = YES;
				CLANG_WARN_CONSTANT_CONVERSION = YES;
				CLANG_WARN_DEPRECATED_OBJC_IMPLEMENTATIONS = YES;
				CLANG_WARN_DIRECT_OBJC_ISA_USAGE = YES_ERROR;
				CLANG_WARN_DOCUMENTATION_COMMENTS = YES;
				CLANG_WARN_EMPTY_BODY = YES;
				CLANG_WARN_ENUM_CONVERSION = YES;
				CLANG_WARN_INFINITE_RECURSION = YES;
				CLANG_WARN_INT_CONVERSION = YES;
				CLANG_WARN_NON_LITERAL_NULL_CONVERSION = YES;
				CLANG_WARN_OBJC_IMPLICIT_RETAIN_SELF = YES;
				CLANG_WARN_OBJC_LITERAL_CONVERSION = YES;
				CLANG_WARN_OBJC_ROOT_CLASS = YES_ERROR;
				CLANG_WARN_QUOTED_INCLUDE_IN_FRAMEWORK_HEADER = YES;
				CLANG_WARN_RANGE_LOOP_ANALYSIS = YES;
				CLANG_WARN_STRICT_PROTOTYPES = YES;
				CLANG_WARN_SUSPICIOUS_MOVE = YES;
				CLANG_WARN_UNGUARDED_AVAILABILITY = YES_AGGRESSIVE;
				CLANG_WARN_UNREACHABLE_CODE = YES;
				CLANG_WARN__DUPLICATE_METHOD_MATCH = YES;
				COPY_PHASE_STRIP = NO;
				DEBUG_INFORMATION_FORMAT = "dwarf-with-dsym";
				ENABLE_NS_ASSERTIONS = NO;
				ENABLE_STRICT_OBJC_MSGSEND = YES;
				ENABLE_USER_SCRIPT_SANDBOXING = YES;
				GCC_C_LANGUAGE_STANDARD = gnu17;
				GCC_NO_COMMON_BLOCKS = YES;
				GCC_WARN_64_TO_32_BIT_CONVERSION = YES;
				GCC_WARN_ABOUT_RETURN_TYPE = YES_ERROR;
				GCC_WARN_UNDECLARED_SELECTOR = YES;
				GCC_WARN_UNINITIALIZED_AUTOS = YES_AGGRESSIVE;
				GCC_WARN_UNUSED_FUNCTION = YES;
				GCC_WARN_UNUSED_VARIABLE = YES;
				IPHONEOS_DEPLOYMENT_TARGET = 17.5;
				LOCALIZATION_PREFERS_STRING_CATALOGS = YES;
				MTL_ENABLE_DEBUG_INFO = NO;
				MTL_FAST_MATH = YES;
				SDKROOT = iphoneos;
				SWIFT_COMPILATION_MODE = wholemodule;
				VALIDATE_PRODUCT = YES;
			};
			name = Release;
		};
		DB9088C02C6565EF000BA391 /* Debug */ = {
			isa = XCBuildConfiguration;
			buildSettings = {
				ASSETCATALOG_COMPILER_APPICON_NAME = AppIcon;
				ASSETCATALOG_COMPILER_GLOBAL_ACCENT_COLOR_NAME = AccentColor;
				CODE_SIGN_STYLE = Automatic;
				CURRENT_PROJECT_VERSION = 1;
				DEVELOPMENT_TEAM = 5FP344HU23;
				GENERATE_INFOPLIST_FILE = YES;
				INFOPLIST_FILE = "I Am Poor/Info.plist";
				INFOPLIST_KEY_UIApplicationSupportsIndirectInputEvents = YES;
				INFOPLIST_KEY_UILaunchStoryboardName = LaunchScreen;
				INFOPLIST_KEY_UIMainStoryboardFile = Main;
				INFOPLIST_KEY_UISupportedInterfaceOrientations_iPad = "UIInterfaceOrientationPortrait UIInterfaceOrientationPortraitUpsideDown UIInterfaceOrientationLandscapeLeft UIInterfaceOrientationLandscapeRight";
				INFOPLIST_KEY_UISupportedInterfaceOrientations_iPhone = "UIInterfaceOrientationPortrait UIInterfaceOrientationLandscapeLeft UIInterfaceOrientationLandscapeRight";
				LD_RUNPATH_SEARCH_PATHS = (
					"$(inherited)",
					"@executable_path/Frameworks",
				);
				MARKETING_VERSION = 1.0;
				PRODUCT_BUNDLE_IDENTIFIER = "com.andrew.I-Am-Poor";
				PRODUCT_NAME = "$(TARGET_NAME)";
				SWIFT_EMIT_LOC_STRINGS = YES;
				SWIFT_VERSION = 5.0;
				TARGETED_DEVICE_FAMILY = "1,2";
			};
			name = Debug;
		};
		DB9088C12C6565EF000BA391 /* Release */ = {
			isa = XCBuildConfiguration;
			buildSettings = {
				ASSETCATALOG_COMPILER_APPICON_NAME = AppIcon;
				ASSETCATALOG_COMPILER_GLOBAL_ACCENT_COLOR_NAME = AccentColor;
				CODE_SIGN_STYLE = Automatic;
				CURRENT_PROJECT_VERSION = 1;
				DEVELOPMENT_TEAM = 5FP344HU23;
				GENERATE_INFOPLIST_FILE = YES;
				INFOPLIST_FILE = "I Am Poor/Info.plist";
				INFOPLIST_KEY_UIApplicationSupportsIndirectInputEvents = YES;
				INFOPLIST_KEY_UILaunchStoryboardName = LaunchScreen;
				INFOPLIST_KEY_UIMainStoryboardFile = Main;
				INFOPLIST_KEY_UISupportedInterfaceOrientations_iPad = "UIInterfaceOrientationPortrait UIInterfaceOrientationPortraitUpsideDown UIInterfaceOrientationLandscapeLeft UIInterfaceOrientationLandscapeRight";
				INFOPLIST_KEY_UISupportedInterfaceOrientations_iPhone = "UIInterfaceOrientationPortrait UIInterfaceOrientationLandscapeLeft UIInterfaceOrientationLandscapeRight";
				LD_RUNPATH_SEARCH_PATHS = (
					"$(inherited)",
					"@executable_path/Frameworks",
				);
				MARKETING_VERSION = 1.0;
				PRODUCT_BUNDLE_IDENTIFIER = "com.andrew.I-Am-Poor";
				PRODUCT_NAME = "$(TARGET_NAME)";
				SWIFT_EMIT_LOC_STRINGS = YES;
				SWIFT_VERSION = 5.0;
				TARGETED_DEVICE_FAMILY = "1,2";
			};
			name = Release;
		};
		DB9088C32C6565EF000BA391 /* Debug */ = {
			isa = XCBuildConfiguration;
			buildSettings = {
				ALWAYS_EMBED_SWIFT_STANDARD_LIBRARIES = YES;
				BUNDLE_LOADER = "$(TEST_HOST)";
				CODE_SIGN_STYLE = Automatic;
				CURRENT_PROJECT_VERSION = 1;
				DEVELOPMENT_TEAM = 5FP344HU23;
				GENERATE_INFOPLIST_FILE = YES;
				IPHONEOS_DEPLOYMENT_TARGET = 17.5;
				MARKETING_VERSION = 1.0;
				PRODUCT_BUNDLE_IDENTIFIER = "com.andrew.I-Am-PoorTests";
				PRODUCT_NAME = "$(TARGET_NAME)";
				SWIFT_EMIT_LOC_STRINGS = NO;
				SWIFT_VERSION = 5.0;
				TARGETED_DEVICE_FAMILY = "1,2";
				TEST_HOST = "$(BUILT_PRODUCTS_DIR)/I Am Poor.app/$(BUNDLE_EXECUTABLE_FOLDER_PATH)/I Am Poor";
			};
			name = Debug;
		};
		DB9088C42C6565EF000BA391 /* Release */ = {
			isa = XCBuildConfiguration;
			buildSettings = {
				ALWAYS_EMBED_SWIFT_STANDARD_LIBRARIES = YES;
				BUNDLE_LOADER = "$(TEST_HOST)";
				CODE_SIGN_STYLE = Automatic;
				CURRENT_PROJECT_VERSION = 1;
				DEVELOPMENT_TEAM = 5FP344HU23;
				GENERATE_INFOPLIST_FILE = YES;
				IPHONEOS_DEPLOYMENT_TARGET = 17.5;
				MARKETING_VERSION = 1.0;
				PRODUCT_BUNDLE_IDENTIFIER = "com.andrew.I-Am-PoorTests";
				PRODUCT_NAME = "$(TARGET_NAME)";
				SWIFT_EMIT_LOC_STRINGS = NO;
				SWIFT_VERSION = 5.0;
				TARGETED_DEVICE_FAMILY = "1,2";
				TEST_HOST = "$(BUILT_PRODUCTS_DIR)/I Am Poor.app/$(BUNDLE_EXECUTABLE_FOLDER_PATH)/I Am Poor";
			};
			name = Release;
		};
		DB9088C62C6565EF000BA391 /* Debug */ = {
			isa = XCBuildConfiguration;
			buildSettings = {
				ALWAYS_EMBED_SWIFT_STANDARD_LIBRARIES = YES;
				CODE_SIGN_STYLE = Automatic;
				CURRENT_PROJECT_VERSION = 1;
				DEVELOPMENT_TEAM = 5FP344HU23;
				GENERATE_INFOPLIST_FILE = YES;
				MARKETING_VERSION = 1.0;
				PRODUCT_BUNDLE_IDENTIFIER = "com.andrew.I-Am-PoorUITests";
				PRODUCT_NAME = "$(TARGET_NAME)";
				SWIFT_EMIT_LOC_STRINGS = NO;
				SWIFT_VERSION = 5.0;
				TARGETED_DEVICE_FAMILY = "1,2";
				TEST_TARGET_NAME = "I Am Poor";
			};
			name = Debug;
		};
		DB9088C72C6565EF000BA391 /* Release */ = {
			isa = XCBuildConfiguration;
			buildSettings = {
				ALWAYS_EMBED_SWIFT_STANDARD_LIBRARIES = YES;
				CODE_SIGN_STYLE = Automatic;
				CURRENT_PROJECT_VERSION = 1;
				DEVELOPMENT_TEAM = 5FP344HU23;
				GENERATE_INFOPLIST_FILE = YES;
				MARKETING_VERSION = 1.0;
				PRODUCT_BUNDLE_IDENTIFIER = "com.andrew.I-Am-PoorUITests";
				PRODUCT_NAME = "$(TARGET_NAME)";
				SWIFT_EMIT_LOC_STRINGS = NO;
				SWIFT_VERSION = 5.0;
				TARGETED_DEVICE_FAMILY = "1,2";
				TEST_TARGET_NAME = "I Am Poor";
			};
			name = Release;
		};
/* End XCBuildConfiguration section */

/* Begin XCConfigurationList section */
		DB9088902C6565ED000BA391 /* Build configuration list for PBXProject "I Am Poor" */ = {
			isa = XCConfigurationList;
			buildConfigurations = (
				DB9088BD2C6565EF000BA391 /* Debug */,
				DB9088BE2C6565EF000BA391 /* Release */,
			);
			defaultConfigurationIsVisible = 0;
			defaultConfigurationName = Release;
		};
		DB9088BF2C6565EF000BA391 /* Build configuration list for PBXNativeTarget "I Am Poor" */ = {
			isa = XCConfigurationList;
			buildConfigurations = (
				DB9088C02C6565EF000BA391 /* Debug */,
				DB9088C12C6565EF000BA391 /* Release */,
			);
			defaultConfigurationIsVisible = 0;
			defaultConfigurationName = Release;
		};
		DB9088C22C6565EF000BA391 /* Build configuration list for PBXNativeTarget "I Am PoorTests" */ = {
			isa = XCConfigurationList;
			buildConfigurations = (
				DB9088C32C6565EF000BA391 /* Debug */,
				DB9088C42C6565EF000BA391 /* Release */,
			);
			defaultConfigurationIsVisible = 0;
			defaultConfigurationName = Release;
		};
		DB9088C52C6565EF000BA391 /* Build configuration list for PBXNativeTarget "I Am PoorUITests" */ = {
			isa = XCConfigurationList;
			buildConfigurations = (
				DB9088C62C6565EF000BA391 /* Debug */,
				DB9088C72C6565EF000BA391 /* Release */,
			);
			defaultConfigurationIsVisible = 0;
			defaultConfigurationName = Release;
		};
/* End XCConfigurationList section */
	};
	rootObject = DB90888D2C6565ED000BA391 /* Project object */;
}
